lockfileVersion: '9.0'

settings:
  autoInstallPeers: true
  excludeLinksFromLockfile: false

importers:

  .:
    devDependencies:
      esbuild-wasm:
        specifier: ^0.28.2
        version: 0.28.2

packages:

  esbuild-wasm@0.28.2:
    resolution: {integrity: sha512-GccVwhv3mmOUVQHCQm2Ox/rby8n/EqUwvZxE6Pjfikrq/lWw9g9WX/u9EykWnpot3Ko6j426DgQdea2xWKIAQA==}
    engines: {node: '>=18'}
    hasBin: true

snapshots:

  esbuild-wasm@0.28.2: {}
